
Microsoft Visual Studio Solution File, Format Version 12.00
# Visual Studio Version 16
VisualStudioVersion = 16.0.30611.23
MinimumVisualStudioVersion = 10.0.40219.1
Project("{9A19103F-16F7-4668-BE54-9A1E7A4F7556}") = "WpfClient", "WpfClient\WpfClient.csproj", "{4D3A90DA-0E6E-4F38-8B12-E3EF3BC67EB3}"
EndProject
Project("{9A19103F-16F7-4668-BE54-9A1E7A4F7556}") = "SlidingLogic", "SlidingLogic\SlidingLogic.csproj", "{FACABACB-D452-4009-BA25-EAD2AA9B97AE}"
EndProject
Project("{9A19103F-16F7-4668-BE54-9A1E7A4F7556}") = "SlidingLogic.Tests", "SlidingLogic.Tests\SlidingLogic.Tests.csproj", "{3FDD45C2-0393-4319-BBD1-16F44B1600DB}"
EndProject
Project("{FAE04EC0-301F-11D3-BF4B-00C04F79EFBC}") = "WpfClient.Tests", "WpfClient.Tests\WpfClient.Tests.csproj", "{C9F63CDB-F920-488E-86B8-6B02BB05FC93}"
EndProject
Global
	GlobalSection(SolutionConfigurationPlatforms) = preSolution
		Debug|Any CPU = Debug|Any CPU
		Release|Any CPU = Release|Any CPU
	EndGlobalSection
	GlobalSection(ProjectConfigurationPlatforms) = postSolution
		{4D3A90DA-0E6E-4F38-8B12-E3EF3BC67EB3}.Debug|Any CPU.ActiveCfg = Debug|Any CPU
		{4D3A90DA-0E6E-4F38-8B12-E3EF3BC67EB3}.Debug|Any CPU.Build.0 = Debug|Any CPU
		{4D3A90DA-0E6E-4F38-8B12-E3EF3BC67EB3}.Release|Any CPU.ActiveCfg = Release|Any CPU
		{4D3A90DA-0E6E-4F38-8B12-E3EF3BC67EB3}.Release|Any CPU.Build.0 = Release|Any CPU
		{FACABACB-D452-4009-BA25-EAD2AA9B97AE}.Debug|Any CPU.ActiveCfg = Debug|Any CPU
		{FACABACB-D452-4009-BA25-EAD2AA9B97AE}.Debug|Any CPU.Build.0 = Debug|Any CPU
		{FACABACB-D452-4009-BA25-EAD2AA9B97AE}.Release|Any CPU.ActiveCfg = Release|Any CPU
		{FACABACB-D452-4009-BA25-EAD2AA9B97AE}.Release|Any CPU.Build.0 = Release|Any CPU
		{3FDD45C2-0393-4319-BBD1-16F44B1600DB}.Debug|Any CPU.ActiveCfg = Debug|Any CPU
		{3FDD45C2-0393-4319-BBD1-16F44B1600DB}.Debug|Any CPU.Build.0 = Debug|Any CPU
		{3FDD45C2-0393-4319-BBD1-16F44B1600DB}.Release|Any CPU.ActiveCfg = Release|Any CPU
		{3FDD45C2-0393-4319-BBD1-16F44B1600DB}.Release|Any CPU.Build.0 = Release|Any CPU
		{C9F63CDB-F920-488E-86B8-6B02BB05FC93}.Debug|Any CPU.ActiveCfg = Debug|Any CPU
		{C9F63CDB-F920-488E-86B8-6B02BB05FC93}.Debug|Any CPU.Build.0 = Debug|Any CPU
		{C9F63CDB-F920-488E-86B8-6B02BB05FC93}.Release|Any CPU.ActiveCfg = Release|Any CPU
		{C9F63CDB-F920-488E-86B8-6B02BB05FC93}.Release|Any CPU.Build.0 = Release|Any CPU
	EndGlobalSection
	GlobalSection(SolutionProperties) = preSolution
		HideSolutionNode = FALSE
	EndGlobalSection
	GlobalSection(ExtensibilityGlobals) = postSolution
		SolutionGuid = {97E43819-1A0C-4DBC-8789-4D7EC755C116}
	EndGlobalSection
EndGlobal
